// !$*UTF8*$!
{
	archiveVersion = 1;
	classes = {
	};
	objectVersion = 51;
	objects = {

/* Begin PBXBuildFile section */
		27F92E8685F2004827AB088B /* Pods_TesteIOS.framework in Frameworks */ = {isa = PBXBuildFile; fileRef = 6D82EF25483453B97E115C14 /* Pods_TesteIOS.framework */; };
		7CD646C9278798E40098381C /* AppDelegate.swift in Sources */ = {isa = PBXBuildFile; fileRef = 7CD646C8278798E40098381C /* AppDelegate.swift */; };
		7CD646D2278798EB0098381C /* Assets.xcassets in Resources */ = {isa = PBXBuildFile; fileRef = 7CD646D1278798EB0098381C /* Assets.xcassets */; };
		7CD646D5278798EB0098381C /* LaunchScreen.storyboard in Resources */ = {isa = PBXBuildFile; fileRef = 7CD646D3278798EB0098381C /* LaunchScreen.storyboard */; };
		7CD646E0278798EB0098381C /* TesteIOSTests.swift in Sources */ = {isa = PBXBuildFile; fileRef = 7CD646DF278798EB0098381C /* TesteIOSTests.swift */; };
		7CD646EB278798EB0098381C /* TesteIOSUITests.swift in Sources */ = {isa = PBXBuildFile; fileRef = 7CD646EA278798EB0098381C /* TesteIOSUITests.swift */; };
		7CD647022787A1170098381C /* LoginViewController.swift in Sources */ = {isa = PBXBuildFile; fileRef = 7CD647002787A1170098381C /* LoginViewController.swift */; };
		7CD647032787A1170098381C /* LoginViewController.xib in Resources */ = {isa = PBXBuildFile; fileRef = 7CD647012787A1170098381C /* LoginViewController.xib */; };
		7CD647072787A2C80098381C /* AppCoordinator.swift in Sources */ = {isa = PBXBuildFile; fileRef = 7CD647062787A2C80098381C /* AppCoordinator.swift */; };
		7CD647092787A3090098381C /* LoginCoordinator.swift in Sources */ = {isa = PBXBuildFile; fileRef = 7CD647082787A3090098381C /* LoginCoordinator.swift */; };
		7CD6470E2787AD050098381C /* CustomButton.swift in Sources */ = {isa = PBXBuildFile; fileRef = 7CD6470D2787AD050098381C /* CustomButton.swift */; };
		8E016DD84D3C35275AD7E269 /* Pods_TesteIOS_TesteIOSUITests.framework in Frameworks */ = {isa = PBXBuildFile; fileRef = 615480816C299965A1E8D9A0 /* Pods_TesteIOS_TesteIOSUITests.framework */; };
		B3E957C6BABBDA89A5ED80AF /* Pods_TesteIOSTests.framework in Frameworks */ = {isa = PBXBuildFile; fileRef = 3C870FB8D351C67647BE2E23 /* Pods_TesteIOSTests.framework */; };
/* End PBXBuildFile section */

/* Begin PBXContainerItemProxy section */
		7CD646DC278798EB0098381C /* PBXContainerItemProxy */ = {
			isa = PBXContainerItemProxy;
			containerPortal = 7CD646BD278798E40098381C /* Project object */;
			proxyType = 1;
			remoteGlobalIDString = 7CD646C4278798E40098381C;
			remoteInfo = TesteIOS;
		};
		7CD646E7278798EB0098381C /* PBXContainerItemProxy */ = {
			isa = PBXContainerItemProxy;
			containerPortal = 7CD646BD278798E40098381C /* Project object */;
			proxyType = 1;
			remoteGlobalIDString = 7CD646C4278798E40098381C;
			remoteInfo = TesteIOS;
		};
/* End PBXContainerItemProxy section */

/* Begin PBXFileReference section */
		08261BE86BC46DF32D5D9EA8 /* Pods-TesteIOS-TesteIOSUITests.debug.xcconfig */ = {isa = PBXFileReference; includeInIndex = 1; lastKnownFileType = text.xcconfig; name = "Pods-TesteIOS-TesteIOSUITests.debug.xcconfig"; path = "Target Support Files/Pods-TesteIOS-TesteIOSUITests/Pods-TesteIOS-TesteIOSUITests.debug.xcconfig"; sourceTree = "<group>"; };
		1B150A05C023A48382B1F97F /* Pods-TesteIOS.debug.xcconfig */ = {isa = PBXFileReference; includeInIndex = 1; lastKnownFileType = text.xcconfig; name = "Pods-TesteIOS.debug.xcconfig"; path = "Target Support Files/Pods-TesteIOS/Pods-TesteIOS.debug.xcconfig"; sourceTree = "<group>"; };
		32CBDB96595F5FD6F6659F54 /* Pods-TesteIOSTests.debug.xcconfig */ = {isa = PBXFileReference; includeInIndex = 1; lastKnownFileType = text.xcconfig; name = "Pods-TesteIOSTests.debug.xcconfig"; path = "Target Support Files/Pods-TesteIOSTests/Pods-TesteIOSTests.debug.xcconfig"; sourceTree = "<group>"; };
		3C870FB8D351C67647BE2E23 /* Pods_TesteIOSTests.framework */ = {isa = PBXFileReference; explicitFileType = wrapper.framework; includeInIndex = 0; path = Pods_TesteIOSTests.framework; sourceTree = BUILT_PRODUCTS_DIR; };
		615480816C299965A1E8D9A0 /* Pods_TesteIOS_TesteIOSUITests.framework */ = {isa = PBXFileReference; explicitFileType = wrapper.framework; includeInIndex = 0; path = Pods_TesteIOS_TesteIOSUITests.framework; sourceTree = BUILT_PRODUCTS_DIR; };
		6D82EF25483453B97E115C14 /* Pods_TesteIOS.framework */ = {isa = PBXFileReference; explicitFileType = wrapper.framework; includeInIndex = 0; path = Pods_TesteIOS.framework; sourceTree = BUILT_PRODUCTS_DIR; };
		7CD646C5278798E40098381C /* TesteIOS.app */ = {isa = PBXFileReference; explicitFileType = wrapper.application; includeInIndex = 0; path = TesteIOS.app; sourceTree = BUILT_PRODUCTS_DIR; };
		7CD646C8278798E40098381C /* AppDelegate.swift */ = {isa = PBXFileReference; lastKnownFileType = sourcecode.swift; path = AppDelegate.swift; sourceTree = "<group>"; };
		7CD646D1278798EB0098381C /* Assets.xcassets */ = {isa = PBXFileReference; lastKnownFileType = folder.assetcatalog; path = Assets.xcassets; sourceTree = "<group>"; };
		7CD646D4278798EB0098381C /* Base */ = {isa = PBXFileReference; lastKnownFileType = file.storyboard; name = Base; path = Base.lproj/LaunchScreen.storyboard; sourceTree = "<group>"; };
		7CD646D6278798EB0098381C /* Info.plist */ = {isa = PBXFileReference; lastKnownFileType = text.plist.xml; path = Info.plist; sourceTree = "<group>"; };
		7CD646DB278798EB0098381C /* TesteIOSTests.xctest */ = {isa = PBXFileReference; explicitFileType = wrapper.cfbundle; includeInIndex = 0; path = TesteIOSTests.xctest; sourceTree = BUILT_PRODUCTS_DIR; };
		7CD646DF278798EB0098381C /* TesteIOSTests.swift */ = {isa = PBXFileReference; lastKnownFileType = sourcecode.swift; path = TesteIOSTests.swift; sourceTree = "<group>"; };
		7CD646E1278798EB0098381C /* Info.plist */ = {isa = PBXFileReference; lastKnownFileType = text.plist.xml; path = Info.plist; sourceTree = "<group>"; };
		7CD646E6278798EB0098381C /* TesteIOSUITests.xctest */ = {isa = PBXFileReference; explicitFileType = wrapper.cfbundle; includeInIndex = 0; path = TesteIOSUITests.xctest; sourceTree = BUILT_PRODUCTS_DIR; };
		7CD646EA278798EB0098381C /* TesteIOSUITests.swift */ = {isa = PBXFileReference; lastKnownFileType = sourcecode.swift; path = TesteIOSUITests.swift; sourceTree = "<group>"; };
		7CD646EC278798EB0098381C /* Info.plist */ = {isa = PBXFileReference; lastKnownFileType = text.plist.xml; path = Info.plist; sourceTree = "<group>"; };
		7CD647002787A1170098381C /* LoginViewController.swift */ = {isa = PBXFileReference; lastKnownFileType = sourcecode.swift; path = LoginViewController.swift; sourceTree = "<group>"; };
		7CD647012787A1170098381C /* LoginViewController.xib */ = {isa = PBXFileReference; lastKnownFileType = file.xib; path = LoginViewController.xib; sourceTree = "<group>"; };
		7CD647062787A2C80098381C /* AppCoordinator.swift */ = {isa = PBXFileReference; lastKnownFileType = sourcecode.swift; path = AppCoordinator.swift; sourceTree = "<group>"; };
		7CD647082787A3090098381C /* LoginCoordinator.swift */ = {isa = PBXFileReference; lastKnownFileType = sourcecode.swift; path = LoginCoordinator.swift; sourceTree = "<group>"; };
		7CD6470D2787AD050098381C /* CustomButton.swift */ = {isa = PBXFileReference; lastKnownFileType = sourcecode.swift; path = CustomButton.swift; sourceTree = "<group>"; };
		A4AD467A82DA44525A63806A /* Pods-TesteIOS.release.xcconfig */ = {isa = PBXFileReference; includeInIndex = 1; lastKnownFileType = text.xcconfig; name = "Pods-TesteIOS.release.xcconfig"; path = "Target Support Files/Pods-TesteIOS/Pods-TesteIOS.release.xcconfig"; sourceTree = "<group>"; };
		AE7D4CF5E88A28523EC7BDD0 /* Pods-TesteIOS-TesteIOSUITests.release.xcconfig */ = {isa = PBXFileReference; includeInIndex = 1; lastKnownFileType = text.xcconfig; name = "Pods-TesteIOS-TesteIOSUITests.release.xcconfig"; path = "Target Support Files/Pods-TesteIOS-TesteIOSUITests/Pods-TesteIOS-TesteIOSUITests.release.xcconfig"; sourceTree = "<group>"; };
		F68D9465B81727286B5CED33 /* Pods-TesteIOSTests.release.xcconfig */ = {isa = PBXFileReference; includeInIndex = 1; lastKnownFileType = text.xcconfig; name = "Pods-TesteIOSTests.release.xcconfig"; path = "Target Support Files/Pods-TesteIOSTests/Pods-TesteIOSTests.release.xcconfig"; sourceTree = "<group>"; };
/* End PBXFileReference section */

/* Begin PBXFrameworksBuildPhase section */
		7CD646C2278798E40098381C /* Frameworks */ = {
			isa = PBXFrameworksBuildPhase;
			buildActionMask = 2147483647;
			files = (
				27F92E8685F2004827AB088B /* Pods_TesteIOS.framework in Frameworks */,
			);
			runOnlyForDeploymentPostprocessing = 0;
		};
		7CD646D8278798EB0098381C /* Frameworks */ = {
			isa = PBXFrameworksBuildPhase;
			buildActionMask = 2147483647;
			files = (
				B3E957C6BABBDA89A5ED80AF /* Pods_TesteIOSTests.framework in Frameworks */,
			);
			runOnlyForDeploymentPostprocessing = 0;
		};
		7CD646E3278798EB0098381C /* Frameworks */ = {
			isa = PBXFrameworksBuildPhase;
			buildActionMask = 2147483647;
			files = (
				8E016DD84D3C35275AD7E269 /* Pods_TesteIOS_TesteIOSUITests.framework in Frameworks */,
			);
			runOnlyForDeploymentPostprocessing = 0;
		};
/* End PBXFrameworksBuildPhase section */

/* Begin PBXGroup section */
		6BF4B1B6E79C104564D20210 /* Frameworks */ = {
			isa = PBXGroup;
			children = (
				6D82EF25483453B97E115C14 /* Pods_TesteIOS.framework */,
				615480816C299965A1E8D9A0 /* Pods_TesteIOS_TesteIOSUITests.framework */,
				3C870FB8D351C67647BE2E23 /* Pods_TesteIOSTests.framework */,
			);
			name = Frameworks;
			sourceTree = "<group>";
		};
		7CD646BC278798E40098381C = {
			isa = PBXGroup;
			children = (
				7CD646C7278798E40098381C /* TesteIOS */,
				7CD646DE278798EB0098381C /* TesteIOSTests */,
				7CD646E9278798EB0098381C /* TesteIOSUITests */,
				7CD646C6278798E40098381C /* Products */,
				A95016849C3F6B4EA60DDAED /* Pods */,
				6BF4B1B6E79C104564D20210 /* Frameworks */,
			);
			sourceTree = "<group>";
		};
		7CD646C6278798E40098381C /* Products */ = {
			isa = PBXGroup;
			children = (
				7CD646C5278798E40098381C /* TesteIOS.app */,
				7CD646DB278798EB0098381C /* TesteIOSTests.xctest */,
				7CD646E6278798EB0098381C /* TesteIOSUITests.xctest */,
			);
			name = Products;
			sourceTree = "<group>";
		};
		7CD646C7278798E40098381C /* TesteIOS */ = {
			isa = PBXGroup;
			children = (
				7CD646FB27879DAD0098381C /* Resources */,
				7CD646F927879D770098381C /* Source */,
			);
			path = TesteIOS;
			sourceTree = "<group>";
		};
		7CD646DE278798EB0098381C /* TesteIOSTests */ = {
			isa = PBXGroup;
			children = (
				7CD646DF278798EB0098381C /* TesteIOSTests.swift */,
				7CD646E1278798EB0098381C /* Info.plist */,
			);
			path = TesteIOSTests;
			sourceTree = "<group>";
		};
		7CD646E9278798EB0098381C /* TesteIOSUITests */ = {
			isa = PBXGroup;
			children = (
				7CD646EA278798EB0098381C /* TesteIOSUITests.swift */,
				7CD646EC278798EB0098381C /* Info.plist */,
			);
			path = TesteIOSUITests;
			sourceTree = "<group>";
		};
		7CD646F827879C4D0098381C /* Infrastructure */ = {
			isa = PBXGroup;
			children = (
				7CD646C8278798E40098381C /* AppDelegate.swift */,
				7CD646D6278798EB0098381C /* Info.plist */,
			);
			path = Infrastructure;
			sourceTree = "<group>";
		};
		7CD646F927879D770098381C /* Source */ = {
			isa = PBXGroup;
			children = (
				7CD647042787A12E0098381C /* Coordinator */,
				7CD646FE2787A0BD0098381C /* Login */,
				7CD646F827879C4D0098381C /* Infrastructure */,
			);
			path = Source;
			sourceTree = "<group>";
		};
		7CD646FA27879D8E0098381C /* Storyboard */ = {
			isa = PBXGroup;
			children = (
				7CD646D3278798EB0098381C /* LaunchScreen.storyboard */,
			);
			name = Storyboard;
			path = ..;
			sourceTree = "<group>";
		};
		7CD646FB27879DAD0098381C /* Resources */ = {
			isa = PBXGroup;
			children = (
				7CD6470B2787ACA20098381C /* Common */,
				7CD646FD27879DEF0098381C /* Assets */,
				7CD646FC27879DD30098381C /* Xib */,
				7CD646FA27879D8E0098381C /* Storyboard */,
			);
			path = Resources;
			sourceTree = "<group>";
		};
		7CD646FC27879DD30098381C /* Xib */ = {
			isa = PBXGroup;
			children = (
				7CD647012787A1170098381C /* LoginViewController.xib */,
			);
			path = Xib;
			sourceTree = "<group>";
		};
		7CD646FD27879DEF0098381C /* Assets */ = {
			isa = PBXGroup;
			children = (
				7CD646D1278798EB0098381C /* Assets.xcassets */,
			);
			name = Assets;
			sourceTree = "<group>";
		};
		7CD646FE2787A0BD0098381C /* Login */ = {
			isa = PBXGroup;
			children = (
				7CD647102787C5300098381C /* Model */,
				7CD6470F2787C51D0098381C /* ViewModel */,
				7CD646FF2787A0E90098381C /* Controller */,
			);
			name = Login;
			sourceTree = "<group>";
		};
		7CD646FF2787A0E90098381C /* Controller */ = {
			isa = PBXGroup;
			children = (
				7CD647002787A1170098381C /* LoginViewController.swift */,
			);
			path = Controller;
			sourceTree = "<group>";
		};
		7CD647042787A12E0098381C /* Coordinator */ = {
			isa = PBXGroup;
			children = (
				7CD647062787A2C80098381C /* AppCoordinator.swift */,
				7CD647052787A1480098381C /* Flows */,
			);
			name = Coordinator;
			sourceTree = "<group>";
		};
		7CD647052787A1480098381C /* Flows */ = {
			isa = PBXGroup;
			children = (
				7CD647082787A3090098381C /* LoginCoordinator.swift */,
			);
			path = Flows;
			sourceTree = "<group>";
		};
		7CD6470A2787AAC90098381C /* Extension */ = {
			isa = PBXGroup;
			children = (
			);
			name = Extension;
			path = ..;
			sourceTree = "<group>";
		};
		7CD6470B2787ACA20098381C /* Common */ = {
			isa = PBXGroup;
			children = (
				7CD6470A2787AAC90098381C /* Extension */,
				7CD6470D2787AD050098381C /* CustomButton.swift */,
			);
			path = Common;
			sourceTree = "<group>";
		};
		7CD6470F2787C51D0098381C /* ViewModel */ = {
			isa = PBXGroup;
			children = (
			);
			path = ViewModel;
			sourceTree = "<group>";
		};
		7CD647102787C5300098381C /* Model */ = {
			isa = PBXGroup;
			children = (
			);
			name = Model;
			sourceTree = "<group>";
		};
		A95016849C3F6B4EA60DDAED /* Pods */ = {
			isa = PBXGroup;
			children = (
				1B150A05C023A48382B1F97F /* Pods-TesteIOS.debug.xcconfig */,
				A4AD467A82DA44525A63806A /* Pods-TesteIOS.release.xcconfig */,
				08261BE86BC46DF32D5D9EA8 /* Pods-TesteIOS-TesteIOSUITests.debug.xcconfig */,
				AE7D4CF5E88A28523EC7BDD0 /* Pods-TesteIOS-TesteIOSUITests.release.xcconfig */,
				32CBDB96595F5FD6F6659F54 /* Pods-TesteIOSTests.debug.xcconfig */,
				F68D9465B81727286B5CED33 /* Pods-TesteIOSTests.release.xcconfig */,
			);
			path = Pods;
			sourceTree = "<group>";
		};
/* End PBXGroup section */

/* Begin PBXNativeTarget section */
		7CD646C4278798E40098381C /* TesteIOS */ = {
			isa = PBXNativeTarget;
			buildConfigurationList = 7CD646EF278798EB0098381C /* Build configuration list for PBXNativeTarget "TesteIOS" */;
			buildPhases = (
				D2DF1ED9E0D6086C72577813 /* [CP] Check Pods Manifest.lock */,
				7CD646C1278798E40098381C /* Sources */,
				7CD646C2278798E40098381C /* Frameworks */,
				7CD646C3278798E40098381C /* Resources */,
				E0E08F3EB21A210C56ABBB8B /* [CP] Embed Pods Frameworks */,
			);
			buildRules = (
			);
			dependencies = (
			);
			name = TesteIOS;
			productName = TesteIOS;
			productReference = 7CD646C5278798E40098381C /* TesteIOS.app */;
			productType = "com.apple.product-type.application";
		};
		7CD646DA278798EB0098381C /* TesteIOSTests */ = {
			isa = PBXNativeTarget;
			buildConfigurationList = 7CD646F2278798EB0098381C /* Build configuration list for PBXNativeTarget "TesteIOSTests" */;
			buildPhases = (
				577C177F50306640D7073BA3 /* [CP] Check Pods Manifest.lock */,
				7CD646D7278798EB0098381C /* Sources */,
				7CD646D8278798EB0098381C /* Frameworks */,
				7CD646D9278798EB0098381C /* Resources */,
			);
			buildRules = (
			);
			dependencies = (
				7CD646DD278798EB0098381C /* PBXTargetDependency */,
			);
			name = TesteIOSTests;
			productName = TesteIOSTests;
			productReference = 7CD646DB278798EB0098381C /* TesteIOSTests.xctest */;
			productType = "com.apple.product-type.bundle.unit-test";
		};
		7CD646E5278798EB0098381C /* TesteIOSUITests */ = {
			isa = PBXNativeTarget;
			buildConfigurationList = 7CD646F5278798EB0098381C /* Build configuration list for PBXNativeTarget "TesteIOSUITests" */;
			buildPhases = (
				AB87846BD3FC1831828551F6 /* [CP] Check Pods Manifest.lock */,
				7CD646E2278798EB0098381C /* Sources */,
				7CD646E3278798EB0098381C /* Frameworks */,
				7CD646E4278798EB0098381C /* Resources */,
				BA62EB972998FC2A22E348CA /* [CP] Embed Pods Frameworks */,
			);
			buildRules = (
			);
			dependencies = (
				7CD646E8278798EB0098381C /* PBXTargetDependency */,
			);
			name = TesteIOSUITests;
			productName = TesteIOSUITests;
			productReference = 7CD646E6278798EB0098381C /* TesteIOSUITests.xctest */;
			productType = "com.apple.product-type.bundle.ui-testing";
		};
/* End PBXNativeTarget section */

/* Begin PBXProject section */
		7CD646BD278798E40098381C /* Project object */ = {
			isa = PBXProject;
			attributes = {
				LastSwiftUpdateCheck = 1130;
				LastUpgradeCheck = 1130;
				ORGANIZATIONNAME = "Gilmar Queiroz";
				TargetAttributes = {
					7CD646C4278798E40098381C = {
						CreatedOnToolsVersion = 11.3.1;
					};
					7CD646DA278798EB0098381C = {
						CreatedOnToolsVersion = 11.3.1;
						TestTargetID = 7CD646C4278798E40098381C;
					};
					7CD646E5278798EB0098381C = {
						CreatedOnToolsVersion = 11.3.1;
						TestTargetID = 7CD646C4278798E40098381C;
					};
				};
			};
			buildConfigurationList = 7CD646C0278798E40098381C /* Build configuration list for PBXProject "TesteIOS" */;
			compatibilityVersion = "Xcode 9.3";
			developmentRegion = en;
			hasScannedForEncodings = 0;
			knownRegions = (
				en,
				Base,
			);
			mainGroup = 7CD646BC278798E40098381C;
			productRefGroup = 7CD646C6278798E40098381C /* Products */;
			projectDirPath = "";
			projectRoot = "";
			targets = (
				7CD646C4278798E40098381C /* TesteIOS */,
				7CD646DA278798EB0098381C /* TesteIOSTests */,
				7CD646E5278798EB0098381C /* TesteIOSUITests */,
			);
		};
/* End PBXProject section */

/* Begin PBXResourcesBuildPhase section */
		7CD646C3278798E40098381C /* Resources */ = {
			isa = PBXResourcesBuildPhase;
			buildActionMask = 2147483647;
			files = (
				7CD646D5278798EB0098381C /* LaunchScreen.storyboard in Resources */,
				7CD646D2278798EB0098381C /* Assets.xcassets in Resources */,
				7CD647032787A1170098381C /* LoginViewController.xib in Resources */,
			);
			runOnlyForDeploymentPostprocessing = 0;
		};
		7CD646D9278798EB0098381C /* Resources */ = {
			isa = PBXResourcesBuildPhase;
			buildActionMask = 2147483647;
			files = (
			);
			runOnlyForDeploymentPostprocessing = 0;
		};
		7CD646E4278798EB0098381C /* Resources */ = {
			isa = PBXResourcesBuildPhase;
			buildActionMask = 2147483647;
			files = (
			);
			runOnlyForDeploymentPostprocessing = 0;
		};
/* End PBXResourcesBuildPhase section */

/* Begin PBXShellScriptBuildPhase section */
		577C177F50306640D7073BA3 /* [CP] Check Pods Manifest.lock */ = {
			isa = PBXShellScriptBuildPhase;
			buildActionMask = 2147483647;
			files = (
			);
			inputFileListPaths = (
			);
			inputPaths = (
				"${PODS_PODFILE_DIR_PATH}/Podfile.lock",
				"${PODS_ROOT}/Manifest.lock",
			);
			name = "[CP] Check Pods Manifest.lock";
			outputFileListPaths = (
			);
			outputPaths = (
				"$(DERIVED_FILE_DIR)/Pods-TesteIOSTests-checkManifestLockResult.txt",
			);
			runOnlyForDeploymentPostprocessing = 0;
			shellPath = /bin/sh;
			shellScript = "diff \"${PODS_PODFILE_DIR_PATH}/Podfile.lock\" \"${PODS_ROOT}/Manifest.lock\" > /dev/null\nif [ $? != 0 ] ; then\n    # print error to STDERR\n    echo \"error: The sandbox is not in sync with the Podfile.lock. Run 'pod install' or update your CocoaPods installation.\" >&2\n    exit 1\nfi\n# This output is used by Xcode 'outputs' to avoid re-running this script phase.\necho \"SUCCESS\" > \"${SCRIPT_OUTPUT_FILE_0}\"\n";
			showEnvVarsInLog = 0;
		};
		AB87846BD3FC1831828551F6 /* [CP] Check Pods Manifest.lock */ = {
			isa = PBXShellScriptBuildPhase;
			buildActionMask = 2147483647;
			files = (
			);
			inputFileListPaths = (
			);
			inputPaths = (
				"${PODS_PODFILE_DIR_PATH}/Podfile.lock",
				"${PODS_ROOT}/Manifest.lock",
			);
			name = "[CP] Check Pods Manifest.lock";
			outputFileListPaths = (
			);
			outputPaths = (
				"$(DERIVED_FILE_DIR)/Pods-TesteIOS-TesteIOSUITests-checkManifestLockResult.txt",
			);
			runOnlyForDeploymentPostprocessing = 0;
			shellPath = /bin/sh;
			shellScript = "diff \"${PODS_PODFILE_DIR_PATH}/Podfile.lock\" \"${PODS_ROOT}/Manifest.lock\" > /dev/null\nif [ $? != 0 ] ; then\n    # print error to STDERR\n    echo \"error: The sandbox is not in sync with the Podfile.lock. Run 'pod install' or update your CocoaPods installation.\" >&2\n    exit 1\nfi\n# This output is used by Xcode 'outputs' to avoid re-running this script phase.\necho \"SUCCESS\" > \"${SCRIPT_OUTPUT_FILE_0}\"\n";
			showEnvVarsInLog = 0;
		};
		BA62EB972998FC2A22E348CA /* [CP] Embed Pods Frameworks */ = {
			isa = PBXShellScriptBuildPhase;
			buildActionMask = 2147483647;
			files = (
			);
			inputFileListPaths = (
				"${PODS_ROOT}/Target Support Files/Pods-TesteIOS-TesteIOSUITests/Pods-TesteIOS-TesteIOSUITests-frameworks-${CONFIGURATION}-input-files.xcfilelist",
			);
			name = "[CP] Embed Pods Frameworks";
			outputFileListPaths = (
				"${PODS_ROOT}/Target Support Files/Pods-TesteIOS-TesteIOSUITests/Pods-TesteIOS-TesteIOSUITests-frameworks-${CONFIGURATION}-output-files.xcfilelist",
			);
			runOnlyForDeploymentPostprocessing = 0;
			shellPath = /bin/sh;
			shellScript = "\"${PODS_ROOT}/Target Support Files/Pods-TesteIOS-TesteIOSUITests/Pods-TesteIOS-TesteIOSUITests-frameworks.sh\"\n";
			showEnvVarsInLog = 0;
		};
		D2DF1ED9E0D6086C72577813 /* [CP] Check Pods Manifest.lock */ = {
			isa = PBXShellScriptBuildPhase;
			buildActionMask = 2147483647;
			files = (
			);
			inputFileListPaths = (
			);
			inputPaths = (
				"${PODS_PODFILE_DIR_PATH}/Podfile.lock",
				"${PODS_ROOT}/Manifest.lock",
			);
			name = "[CP] Check Pods Manifest.lock";
			outputFileListPaths = (
			);
			outputPaths = (
				"$(DERIVED_FILE_DIR)/Pods-TesteIOS-checkManifestLockResult.txt",
			);
			runOnlyForDeploymentPostprocessing = 0;
			shellPath = /bin/sh;
			shellScript = "diff \"${PODS_PODFILE_DIR_PATH}/Podfile.lock\" \"${PODS_ROOT}/Manifest.lock\" > /dev/null\nif [ $? != 0 ] ; then\n    # print error to STDERR\n    echo \"error: The sandbox is not in sync with the Podfile.lock. Run 'pod install' or update your CocoaPods installation.\" >&2\n    exit 1\nfi\n# This output is used by Xcode 'outputs' to avoid re-running this script phase.\necho \"SUCCESS\" > \"${SCRIPT_OUTPUT_FILE_0}\"\n";
			showEnvVarsInLog = 0;
		};
		E0E08F3EB21A210C56ABBB8B /* [CP] Embed Pods Frameworks */ = {
			isa = PBXShellScriptBuildPhase;
			buildActionMask = 2147483647;
			files = (
			);
			inputFileListPaths = (
				"${PODS_ROOT}/Target Support Files/Pods-TesteIOS/Pods-TesteIOS-frameworks-${CONFIGURATION}-input-files.xcfilelist",
			);
			name = "[CP] Embed Pods Frameworks";
			outputFileListPaths = (
				"${PODS_ROOT}/Target Support Files/Pods-TesteIOS/Pods-TesteIOS-frameworks-${CONFIGURATION}-output-files.xcfilelist",
			);
			runOnlyForDeploymentPostprocessing = 0;
			shellPath = /bin/sh;
			shellScript = "\"${PODS_ROOT}/Target Support Files/Pods-TesteIOS/Pods-TesteIOS-frameworks.sh\"\n";
			showEnvVarsInLog = 0;
		};
/* End PBXShellScriptBuildPhase section */

/* Begin PBXSourcesBuildPhase section */
		7CD646C1278798E40098381C /* Sources */ = {
			isa = PBXSourcesBuildPhase;
			buildActionMask = 2147483647;
			files = (
				7CD647072787A2C80098381C /* AppCoordinator.swift in Sources */,
				7CD647022787A1170098381C /* LoginViewController.swift in Sources */,
				7CD647092787A3090098381C /* LoginCoordinator.swift in Sources */,
				7CD646C9278798E40098381C /* AppDelegate.swift in Sources */,
				7CD6470E2787AD050098381C /* CustomButton.swift in Sources */,
			);
			runOnlyForDeploymentPostprocessing = 0;
		};
		7CD646D7278798EB0098381C /* Sources */ = {
			isa = PBXSourcesBuildPhase;
			buildActionMask = 2147483647;
			files = (
				7CD646E0278798EB0098381C /* TesteIOSTests.swift in Sources */,
			);
			runOnlyForDeploymentPostprocessing = 0;
		};
		7CD646E2278798EB0098381C /* Sources */ = {
			isa = PBXSourcesBuildPhase;
			buildActionMask = 2147483647;
			files = (
				7CD646EB278798EB0098381C /* TesteIOSUITests.swift in Sources */,
			);
			runOnlyForDeploymentPostprocessing = 0;
		};
/* End PBXSourcesBuildPhase section */

/* Begin PBXTargetDependency section */
		7CD646DD278798EB0098381C /* PBXTargetDependency */ = {
			isa = PBXTargetDependency;
			target = 7CD646C4278798E40098381C /* TesteIOS */;
			targetProxy = 7CD646DC278798EB0098381C /* PBXContainerItemProxy */;
		};
		7CD646E8278798EB0098381C /* PBXTargetDependency */ = {
			isa = PBXTargetDependency;
			target = 7CD646C4278798E40098381C /* TesteIOS */;
			targetProxy = 7CD646E7278798EB0098381C /* PBXContainerItemProxy */;
		};
/* End PBXTargetDependency section */

/* Begin PBXVariantGroup section */
		7CD646D3278798EB0098381C /* LaunchScreen.storyboard */ = {
			isa = PBXVariantGroup;
			children = (
				7CD646D4278798EB0098381C /* Base */,
			);
			name = LaunchScreen.storyboard;
			sourceTree = "<group>";
		};
/* End PBXVariantGroup section */

/* Begin XCBuildConfiguration section */
		7CD646ED278798EB0098381C /* Debug */ = {
			isa = XCBuildConfiguration;
			buildSettings = {
				ALWAYS_SEARCH_USER_PATHS = NO;
				CLANG_ANALYZER_NONNULL = YES;
				CLANG_ANALYZER_NUMBER_OBJECT_CONVERSION = YES_AGGRESSIVE;
				CLANG_CXX_LANGUAGE_STANDARD = "gnu++14";
				CLANG_CXX_LIBRARY = "libc++";
				CLANG_ENABLE_MODULES = YES;
				CLANG_ENABLE_OBJC_ARC = YES;
				CLANG_ENABLE_OBJC_WEAK = YES;
				CLANG_WARN_BLOCK_CAPTURE_AUTORELEASING = YES;
				CLANG_WARN_BOOL_CONVERSION = YES;
				CLANG_WARN_COMMA = YES;
				CLANG_WARN_CONSTANT_CONVERSION = YES;
				CLANG_WARN_DEPRECATED_OBJC_IMPLEMENTATIONS = YES;
				CLANG_WARN_DIRECT_OBJC_ISA_USAGE = YES_ERROR;
				CLANG_WARN_DOCUMENTATION_COMMENTS = YES;
				CLANG_WARN_EMPTY_BODY = YES;
				CLANG_WARN_ENUM_CONVERSION = YES;
				CLANG_WARN_INFINITE_RECURSION = YES;
				CLANG_WARN_INT_CONVERSION = YES;
				CLANG_WARN_NON_LITERAL_NULL_CONVERSION = YES;
				CLANG_WARN_OBJC_IMPLICIT_RETAIN_SELF = YES;
				CLANG_WARN_OBJC_LITERAL_CONVERSION = YES;
				CLANG_WARN_OBJC_ROOT_CLASS = YES_ERROR;
				CLANG_WARN_RANGE_LOOP_ANALYSIS = YES;
				CLANG_WARN_STRICT_PROTOTYPES = YES;
				CLANG_WARN_SUSPICIOUS_MOVE = YES;
				CLANG_WARN_UNGUARDED_AVAILABILITY = YES_AGGRESSIVE;
				CLANG_WARN_UNREACHABLE_CODE = YES;
				CLANG_WARN__DUPLICATE_METHOD_MATCH = YES;
				COPY_PHASE_STRIP = NO;
				DEBUG_INFORMATION_FORMAT = dwarf;
				ENABLE_STRICT_OBJC_MSGSEND = YES;
				ENABLE_TESTABILITY = YES;
				GCC_C_LANGUAGE_STANDARD = gnu11;
				GCC_DYNAMIC_NO_PIC = NO;
				GCC_NO_COMMON_BLOCKS = YES;
				GCC_OPTIMIZATION_LEVEL = 0;
				GCC_PREPROCESSOR_DEFINITIONS = (
					"DEBUG=1",
					"$(inherited)",
				);
				GCC_WARN_64_TO_32_BIT_CONVERSION = YES;
				GCC_WARN_ABOUT_RETURN_TYPE = YES_ERROR;
				GCC_WARN_UNDECLARED_SELECTOR = YES;
				GCC_WARN_UNINITIALIZED_AUTOS = YES_AGGRESSIVE;
				GCC_WARN_UNUSED_FUNCTION = YES;
				GCC_WARN_UNUSED_VARIABLE = YES;
				IPHONEOS_DEPLOYMENT_TARGET = 13.2;
				MTL_ENABLE_DEBUG_INFO = INCLUDE_SOURCE;
				MTL_FAST_MATH = YES;
				ONLY_ACTIVE_ARCH = YES;
				SDKROOT = iphoneos;
				SWIFT_ACTIVE_COMPILATION_CONDITIONS = DEBUG;
				SWIFT_OPTIMIZATION_LEVEL = "-Onone";
			};
			name = Debug;
		};
		7CD646EE278798EB0098381C /* Release */ = {
			isa = XCBuildConfiguration;
			buildSettings = {
				ALWAYS_SEARCH_USER_PATHS = NO;
				CLANG_ANALYZER_NONNULL = YES;
				CLANG_ANALYZER_NUMBER_OBJECT_CONVERSION = YES_AGGRESSIVE;
				CLANG_CXX_LANGUAGE_STANDARD = "gnu++14";
				CLANG_CXX_LIBRARY = "libc++";
				CLANG_ENABLE_MODULES = YES;
				CLANG_ENABLE_OBJC_ARC = YES;
				CLANG_ENABLE_OBJC_WEAK = YES;
				CLANG_WARN_BLOCK_CAPTURE_AUTORELEASING = YES;
				CLANG_WARN_BOOL_CONVERSION = YES;
				CLANG_WARN_COMMA = YES;
				CLANG_WARN_CONSTANT_CONVERSION = YES;
				CLANG_WARN_DEPRECATED_OBJC_IMPLEMENTATIONS = YES;
				CLANG_WARN_DIRECT_OBJC_ISA_USAGE = YES_ERROR;
				CLANG_WARN_DOCUMENTATION_COMMENTS = YES;
				CLANG_WARN_EMPTY_BODY = YES;
				CLANG_WARN_ENUM_CONVERSION = YES;
				CLANG_WARN_INFINITE_RECURSION = YES;
				CLANG_WARN_INT_CONVERSION = YES;
				CLANG_WARN_NON_LITERAL_NULL_CONVERSION = YES;
				CLANG_WARN_OBJC_IMPLICIT_RETAIN_SELF = YES;
				CLANG_WARN_OBJC_LITERAL_CONVERSION = YES;
				CLANG_WARN_OBJC_ROOT_CLASS = YES_ERROR;
				CLANG_WARN_RANGE_LOOP_ANALYSIS = YES;
				CLANG_WARN_STRICT_PROTOTYPES = YES;
				CLANG_WARN_SUSPICIOUS_MOVE = YES;
				CLANG_WARN_UNGUARDED_AVAILABILITY = YES_AGGRESSIVE;
				CLANG_WARN_UNREACHABLE_CODE = YES;
				CLANG_WARN__DUPLICATE_METHOD_MATCH = YES;
				COPY_PHASE_STRIP = NO;
				DEBUG_INFORMATION_FORMAT = "dwarf-with-dsym";
				ENABLE_NS_ASSERTIONS = NO;
				ENABLE_STRICT_OBJC_MSGSEND = YES;
				GCC_C_LANGUAGE_STANDARD = gnu11;
				GCC_NO_COMMON_BLOCKS = YES;
				GCC_WARN_64_TO_32_BIT_CONVERSION = YES;
				GCC_WARN_ABOUT_RETURN_TYPE = YES_ERROR;
				GCC_WARN_UNDECLARED_SELECTOR = YES;
				GCC_WARN_UNINITIALIZED_AUTOS = YES_AGGRESSIVE;
				GCC_WARN_UNUSED_FUNCTION = YES;
				GCC_WARN_UNUSED_VARIABLE = YES;
				IPHONEOS_DEPLOYMENT_TARGET = 13.2;
				MTL_ENABLE_DEBUG_INFO = NO;
				MTL_FAST_MATH = YES;
				SDKROOT = iphoneos;
				SWIFT_COMPILATION_MODE = wholemodule;
				SWIFT_OPTIMIZATION_LEVEL = "-O";
				VALIDATE_PRODUCT = YES;
			};
			name = Release;
		};
		7CD646F0278798EB0098381C /* Debug */ = {
			isa = XCBuildConfiguration;
			baseConfigurationReference = 1B150A05C023A48382B1F97F /* Pods-TesteIOS.debug.xcconfig */;
			buildSettings = {
				ASSETCATALOG_COMPILER_APPICON_NAME = AppIcon;
				CODE_SIGN_STYLE = Automatic;
				DEVELOPMENT_TEAM = WTNZ8ZXU8Z;
				INFOPLIST_FILE = TesteIOS/Source/Infrastructure/Info.plist;
				IPHONEOS_DEPLOYMENT_TARGET = 12.0;
				LD_RUNPATH_SEARCH_PATHS = (
					"$(inherited)",
					"@executable_path/Frameworks",
				);
				PRODUCT_BUNDLE_IDENTIFIER = br.com.TesteIOS;
				PRODUCT_NAME = "$(TARGET_NAME)";
				SWIFT_VERSION = 5.0;
				TARGETED_DEVICE_FAMILY = 1;
			};
			name = Debug;
		};
		7CD646F1278798EB0098381C /* Release */ = {
			isa = XCBuildConfiguration;
			baseConfigurationReference = A4AD467A82DA44525A63806A /* Pods-TesteIOS.release.xcconfig */;
			buildSettings = {
				ASSETCATALOG_COMPILER_APPICON_NAME = AppIcon;
				CODE_SIGN_STYLE = Automatic;
				DEVELOPMENT_TEAM = WTNZ8ZXU8Z;
				INFOPLIST_FILE = TesteIOS/Source/Infrastructure/Info.plist;
				IPHONEOS_DEPLOYMENT_TARGET = 12.0;
				LD_RUNPATH_SEARCH_PATHS = (
					"$(inherited)",
					"@executable_path/Frameworks",
				);
				PRODUCT_BUNDLE_IDENTIFIER = br.com.TesteIOS;
				PRODUCT_NAME = "$(TARGET_NAME)";
				SWIFT_VERSION = 5.0;
				TARGETED_DEVICE_FAMILY = 1;
			};
			name = Release;
		};
		7CD646F3278798EB0098381C /* Debug */ = {
			isa = XCBuildConfiguration;
			baseConfigurationReference = 32CBDB96595F5FD6F6659F54 /* Pods-TesteIOSTests.debug.xcconfig */;
			buildSettings = {
				ALWAYS_EMBED_SWIFT_STANDARD_LIBRARIES = YES;
				BUNDLE_LOADER = "$(TEST_HOST)";
				CODE_SIGN_STYLE = Automatic;
				DEVELOPMENT_TEAM = WTNZ8ZXU8Z;
				INFOPLIST_FILE = TesteIOSTests/Info.plist;
				IPHONEOS_DEPLOYMENT_TARGET = 13.2;
				LD_RUNPATH_SEARCH_PATHS = (
					"$(inherited)",
					"@executable_path/Frameworks",
					"@loader_path/Frameworks",
				);
				PRODUCT_BUNDLE_IDENTIFIER = br.com.TesteIOSTests;
				PRODUCT_NAME = "$(TARGET_NAME)";
				SWIFT_VERSION = 5.0;
				TARGETED_DEVICE_FAMILY = "1,2";
				TEST_HOST = "$(BUILT_PRODUCTS_DIR)/TesteIOS.app/TesteIOS";
			};
			name = Debug;
		};
		7CD646F4278798EB0098381C /* Release */ = {
			isa = XCBuildConfiguration;
			baseConfigurationReference = F68D9465B81727286B5CED33 /* Pods-TesteIOSTests.release.xcconfig */;
			buildSettings = {
				ALWAYS_EMBED_SWIFT_STANDARD_LIBRARIES = YES;
				BUNDLE_LOADER = "$(TEST_HOST)";
				CODE_SIGN_STYLE = Automatic;
				DEVELOPMENT_TEAM = WTNZ8ZXU8Z;
				INFOPLIST_FILE = TesteIOSTests/Info.plist;
				IPHONEOS_DEPLOYMENT_TARGET = 13.2;
				LD_RUNPATH_SEARCH_PATHS = (
					"$(inherited)",
					"@executable_path/Frameworks",
					"@loader_path/Frameworks",
				);
				PRODUCT_BUNDLE_IDENTIFIER = br.com.TesteIOSTests;
				PRODUCT_NAME = "$(TARGET_NAME)";
				SWIFT_VERSION = 5.0;
				TARGETED_DEVICE_FAMILY = "1,2";
				TEST_HOST = "$(BUILT_PRODUCTS_DIR)/TesteIOS.app/TesteIOS";
			};
			name = Release;
		};
		7CD646F6278798EB0098381C /* Debug */ = {
			isa = XCBuildConfiguration;
			baseConfigurationReference = 08261BE86BC46DF32D5D9EA8 /* Pods-TesteIOS-TesteIOSUITests.debug.xcconfig */;
			buildSettings = {
				ALWAYS_EMBED_SWIFT_STANDARD_LIBRARIES = YES;
				CODE_SIGN_STYLE = Automatic;
				DEVELOPMENT_TEAM = WTNZ8ZXU8Z;
				INFOPLIST_FILE = TesteIOSUITests/Info.plist;
				LD_RUNPATH_SEARCH_PATHS = (
					"$(inherited)",
					"@executable_path/Frameworks",
					"@loader_path/Frameworks",
				);
				PRODUCT_BUNDLE_IDENTIFIER = br.com.TesteIOSUITests;
				PRODUCT_NAME = "$(TARGET_NAME)";
				SWIFT_VERSION = 5.0;
				TARGETED_DEVICE_FAMILY = "1,2";
				TEST_TARGET_NAME = TesteIOS;
			};
			name = Debug;
		};
		7CD646F7278798EB0098381C /* Release */ = {
			isa = XCBuildConfiguration;
			baseConfigurationReference = AE7D4CF5E88A28523EC7BDD0 /* Pods-TesteIOS-TesteIOSUITests.release.xcconfig */;
			buildSettings = {
				ALWAYS_EMBED_SWIFT_STANDARD_LIBRARIES = YES;
				CODE_SIGN_STYLE = Automatic;
				DEVELOPMENT_TEAM = WTNZ8ZXU8Z;
				INFOPLIST_FILE = TesteIOSUITests/Info.plist;
				LD_RUNPATH_SEARCH_PATHS = (
					"$(inherited)",
					"@executable_path/Frameworks",
					"@loader_path/Frameworks",
				);
				PRODUCT_BUNDLE_IDENTIFIER = br.com.TesteIOSUITests;
				PRODUCT_NAME = "$(TARGET_NAME)";
				SWIFT_VERSION = 5.0;
				TARGETED_DEVICE_FAMILY = "1,2";
				TEST_TARGET_NAME = TesteIOS;
			};
			name = Release;
		};
/* End XCBuildConfiguration section */

/* Begin XCConfigurationList section */
		7CD646C0278798E40098381C /* Build configuration list for PBXProject "TesteIOS" */ = {
			isa = XCConfigurationList;
			buildConfigurations = (
				7CD646ED278798EB0098381C /* Debug */,
				7CD646EE278798EB0098381C /* Release */,
			);
			defaultConfigurationIsVisible = 0;
			defaultConfigurationName = Release;
		};
		7CD646EF278798EB0098381C /* Build configuration list for PBXNativeTarget "TesteIOS" */ = {
			isa = XCConfigurationList;
			buildConfigurations = (
				7CD646F0278798EB0098381C /* Debug */,
				7CD646F1278798EB0098381C /* Release */,
			);
			defaultConfigurationIsVisible = 0;
			defaultConfigurationName = Release;
		};
		7CD646F2278798EB0098381C /* Build configuration list for PBXNativeTarget "TesteIOSTests" */ = {
			isa = XCConfigurationList;
			buildConfigurations = (
				7CD646F3278798EB0098381C /* Debug */,
				7CD646F4278798EB0098381C /* Release */,
			);
			defaultConfigurationIsVisible = 0;
			defaultConfigurationName = Release;
		};
		7CD646F5278798EB0098381C /* Build configuration list for PBXNativeTarget "TesteIOSUITests" */ = {
			isa = XCConfigurationList;
			buildConfigurations = (
				7CD646F6278798EB0098381C /* Debug */,
				7CD646F7278798EB0098381C /* Release */,
			);
			defaultConfigurationIsVisible = 0;
			defaultConfigurationName = Release;
		};
/* End XCConfigurationList section */
	};
	rootObject = 7CD646BD278798E40098381C /* Project object */;
}
